// !$*UTF8*$!
{
	archiveVersion = 1;
	classes = {
	};
	objectVersion = 56;
	objects = {

/* Begin PBXBuildFile section */
		8665052F29E5DDCC00370A38 /* LandmarkList.swift in Sources */ = {isa = PBXBuildFile; fileRef = 8665052E29E5DDCC00370A38 /* LandmarkList.swift */; };
		8665053129E5E08F00370A38 /* LandmarkDetail.swift in Sources */ = {isa = PBXBuildFile; fileRef = 8665053029E5E08F00370A38 /* LandmarkDetail.swift */; };
		8665053329F06F2E00370A38 /* FavoriteButton.swift in Sources */ = {isa = PBXBuildFile; fileRef = 8665053229F06F2E00370A38 /* FavoriteButton.swift */; };
		8665053729F3044B00370A38 /* HexagonParameters.swift in Sources */ = {isa = PBXBuildFile; fileRef = 8665053629F3044B00370A38 /* HexagonParameters.swift */; };
		8665053929F308EE00370A38 /* BadgeBackground.swift in Sources */ = {isa = PBXBuildFile; fileRef = 8665053829F308EE00370A38 /* BadgeBackground.swift */; };
		8665053B29FC3E7D00370A38 /* BadgeSymbol.swift in Sources */ = {isa = PBXBuildFile; fileRef = 8665053A29FC3E7D00370A38 /* BadgeSymbol.swift */; };
		8665053D29FC424F00370A38 /* RotatedBadgeSymbol.swift in Sources */ = {isa = PBXBuildFile; fileRef = 8665053C29FC424F00370A38 /* RotatedBadgeSymbol.swift */; };
		8665053F29FC431300370A38 /* Badge.swift in Sources */ = {isa = PBXBuildFile; fileRef = 8665053E29FC431300370A38 /* Badge.swift */; };
		866505422A018BEA00370A38 /* hikeData.json in Resources */ = {isa = PBXBuildFile; fileRef = 866505412A018BEA00370A38 /* hikeData.json */; };
		866505442A018C6D00370A38 /* Hike.swift in Sources */ = {isa = PBXBuildFile; fileRef = 866505432A018C6D00370A38 /* Hike.swift */; };
		8665054A2A018F7400370A38 /* GraphCapsule.swift in Sources */ = {isa = PBXBuildFile; fileRef = 866505462A018F7400370A38 /* GraphCapsule.swift */; };
		8665054B2A018F7400370A38 /* HikeGraph.swift in Sources */ = {isa = PBXBuildFile; fileRef = 866505472A018F7400370A38 /* HikeGraph.swift */; };
		8665054C2A018F7400370A38 /* HikeDetail.swift in Sources */ = {isa = PBXBuildFile; fileRef = 866505482A018F7400370A38 /* HikeDetail.swift */; };
		8665054D2A018F7400370A38 /* HikeView.swift in Sources */ = {isa = PBXBuildFile; fileRef = 866505492A018F7400370A38 /* HikeView.swift */; };
		866505502A02DCF900370A38 /* CategoryHome.swift in Sources */ = {isa = PBXBuildFile; fileRef = 8665054F2A02DCF900370A38 /* CategoryHome.swift */; };
		866505522A02E02C00370A38 /* CategoryRow.swift in Sources */ = {isa = PBXBuildFile; fileRef = 866505512A02E02C00370A38 /* CategoryRow.swift */; };
		866505542A02E2B500370A38 /* CategoryItem.swift in Sources */ = {isa = PBXBuildFile; fileRef = 866505532A02E2B500370A38 /* CategoryItem.swift */; };
		86CC582B29CCD33900F58CF5 /* LandmarksApp.swift in Sources */ = {isa = PBXBuildFile; fileRef = 86CC582A29CCD33900F58CF5 /* LandmarksApp.swift */; };
		86CC582D29CCD33900F58CF5 /* ContentView.swift in Sources */ = {isa = PBXBuildFile; fileRef = 86CC582C29CCD33900F58CF5 /* ContentView.swift */; };
		86CC582F29CCD33C00F58CF5 /* Assets.xcassets in Resources */ = {isa = PBXBuildFile; fileRef = 86CC582E29CCD33C00F58CF5 /* Assets.xcassets */; };
		86CC583229CCD33C00F58CF5 /* Preview Assets.xcassets in Resources */ = {isa = PBXBuildFile; fileRef = 86CC583129CCD33C00F58CF5 /* Preview Assets.xcassets */; };
		86CC583929CE1F5B00F58CF5 /* CircleImage.swift in Sources */ = {isa = PBXBuildFile; fileRef = 86CC583829CE1F5B00F58CF5 /* CircleImage.swift */; };
		86CC583B29D2177D00F58CF5 /* MapView.swift in Sources */ = {isa = PBXBuildFile; fileRef = 86CC583A29D2177D00F58CF5 /* MapView.swift */; };
		86CC583D29D36AAB00F58CF5 /* landmarkData.json in Resources */ = {isa = PBXBuildFile; fileRef = 86CC583C29D36AAB00F58CF5 /* landmarkData.json */; };
		86CC583F29D36ADE00F58CF5 /* Landmark.swift in Sources */ = {isa = PBXBuildFile; fileRef = 86CC583E29D36ADE00F58CF5 /* Landmark.swift */; };
		86CC584129D60E6000F58CF5 /* ModelData.swift in Sources */ = {isa = PBXBuildFile; fileRef = 86CC584029D60E6000F58CF5 /* ModelData.swift */; };
		86CC584629D613DE00F58CF5 /* LandmarkRow.swift in Sources */ = {isa = PBXBuildFile; fileRef = 86CC584529D613DE00F58CF5 /* LandmarkRow.swift */; };
/* End PBXBuildFile section */

/* Begin PBXFileReference section */
		8665052E29E5DDCC00370A38 /* LandmarkList.swift */ = {isa = PBXFileReference; lastKnownFileType = sourcecode.swift; path = LandmarkList.swift; sourceTree = "<group>"; };
		8665053029E5E08F00370A38 /* LandmarkDetail.swift */ = {isa = PBXFileReference; lastKnownFileType = sourcecode.swift; path = LandmarkDetail.swift; sourceTree = "<group>"; };
		8665053229F06F2E00370A38 /* FavoriteButton.swift */ = {isa = PBXFileReference; lastKnownFileType = sourcecode.swift; path = FavoriteButton.swift; sourceTree = "<group>"; };
		8665053629F3044B00370A38 /* HexagonParameters.swift */ = {isa = PBXFileReference; lastKnownFileType = sourcecode.swift; path = HexagonParameters.swift; sourceTree = "<group>"; };
		8665053829F308EE00370A38 /* BadgeBackground.swift */ = {isa = PBXFileReference; lastKnownFileType = sourcecode.swift; path = BadgeBackground.swift; sourceTree = "<group>"; };
		8665053A29FC3E7D00370A38 /* BadgeSymbol.swift */ = {isa = PBXFileReference; lastKnownFileType = sourcecode.swift; path = BadgeSymbol.swift; sourceTree = "<group>"; };
		8665053C29FC424F00370A38 /* RotatedBadgeSymbol.swift */ = {isa = PBXFileReference; lastKnownFileType = sourcecode.swift; path = RotatedBadgeSymbol.swift; sourceTree = "<group>"; };
		8665053E29FC431300370A38 /* Badge.swift */ = {isa = PBXFileReference; lastKnownFileType = sourcecode.swift; path = Badge.swift; sourceTree = "<group>"; };
		866505412A018BEA00370A38 /* hikeData.json */ = {isa = PBXFileReference; fileEncoding = 4; lastKnownFileType = text.json; path = hikeData.json; sourceTree = "<group>"; };
		866505432A018C6D00370A38 /* Hike.swift */ = {isa = PBXFileReference; lastKnownFileType = sourcecode.swift; path = Hike.swift; sourceTree = "<group>"; };
		866505462A018F7400370A38 /* GraphCapsule.swift */ = {isa = PBXFileReference; fileEncoding = 4; lastKnownFileType = sourcecode.swift; path = GraphCapsule.swift; sourceTree = "<group>"; };
		866505472A018F7400370A38 /* HikeGraph.swift */ = {isa = PBXFileReference; fileEncoding = 4; lastKnownFileType = sourcecode.swift; path = HikeGraph.swift; sourceTree = "<group>"; };
		866505482A018F7400370A38 /* HikeDetail.swift */ = {isa = PBXFileReference; fileEncoding = 4; lastKnownFileType = sourcecode.swift; path = HikeDetail.swift; sourceTree = "<group>"; };
		866505492A018F7400370A38 /* HikeView.swift */ = {isa = PBXFileReference; fileEncoding = 4; lastKnownFileType = sourcecode.swift; path = HikeView.swift; sourceTree = "<group>"; };
		8665054F2A02DCF900370A38 /* CategoryHome.swift */ = {isa = PBXFileReference; lastKnownFileType = sourcecode.swift; path = CategoryHome.swift; sourceTree = "<group>"; };
		866505512A02E02C00370A38 /* CategoryRow.swift */ = {isa = PBXFileReference; lastKnownFileType = sourcecode.swift; path = CategoryRow.swift; sourceTree = "<group>"; };
		866505532A02E2B500370A38 /* CategoryItem.swift */ = {isa = PBXFileReference; lastKnownFileType = sourcecode.swift; path = CategoryItem.swift; sourceTree = "<group>"; };
		86CC582729CCD33900F58CF5 /* Landmarks.app */ = {isa = PBXFileReference; explicitFileType = wrapper.application; includeInIndex = 0; path = Landmarks.app; sourceTree = BUILT_PRODUCTS_DIR; };
		86CC582A29CCD33900F58CF5 /* LandmarksApp.swift */ = {isa = PBXFileReference; lastKnownFileType = sourcecode.swift; path = LandmarksApp.swift; sourceTree = "<group>"; };
		86CC582C29CCD33900F58CF5 /* ContentView.swift */ = {isa = PBXFileReference; lastKnownFileType = sourcecode.swift; path = ContentView.swift; sourceTree = "<group>"; };
		86CC582E29CCD33C00F58CF5 /* Assets.xcassets */ = {isa = PBXFileReference; lastKnownFileType = folder.assetcatalog; path = Assets.xcassets; sourceTree = "<group>"; };
		86CC583129CCD33C00F58CF5 /* Preview Assets.xcassets */ = {isa = PBXFileReference; lastKnownFileType = folder.assetcatalog; path = "Preview Assets.xcassets"; sourceTree = "<group>"; };
		86CC583829CE1F5B00F58CF5 /* CircleImage.swift */ = {isa = PBXFileReference; lastKnownFileType = sourcecode.swift; path = CircleImage.swift; sourceTree = "<group>"; };
		86CC583A29D2177D00F58CF5 /* MapView.swift */ = {isa = PBXFileReference; lastKnownFileType = sourcecode.swift; path = MapView.swift; sourceTree = "<group>"; };
		86CC583C29D36AAB00F58CF5 /* landmarkData.json */ = {isa = PBXFileReference; fileEncoding = 4; lastKnownFileType = text.json; path = landmarkData.json; sourceTree = "<group>"; };
		86CC583E29D36ADE00F58CF5 /* Landmark.swift */ = {isa = PBXFileReference; lastKnownFileType = sourcecode.swift; path = Landmark.swift; sourceTree = "<group>"; };
		86CC584029D60E6000F58CF5 /* ModelData.swift */ = {isa = PBXFileReference; lastKnownFileType = sourcecode.swift; path = ModelData.swift; sourceTree = "<group>"; };
		86CC584529D613DE00F58CF5 /* LandmarkRow.swift */ = {isa = PBXFileReference; lastKnownFileType = sourcecode.swift; path = LandmarkRow.swift; sourceTree = "<group>"; };
/* End PBXFileReference section */

/* Begin PBXFrameworksBuildPhase section */
		86CC582429CCD33900F58CF5 /* Frameworks */ = {
			isa = PBXFrameworksBuildPhase;
			buildActionMask = 2147483647;
			files = (
			);
			runOnlyForDeploymentPostprocessing = 0;
		};
/* End PBXFrameworksBuildPhase section */

/* Begin PBXGroup section */
		8665053429F0707D00370A38 /* Helpers */ = {
			isa = PBXGroup;
			children = (
				86CC583829CE1F5B00F58CF5 /* CircleImage.swift */,
				86CC583A29D2177D00F58CF5 /* MapView.swift */,
				8665053229F06F2E00370A38 /* FavoriteButton.swift */,
			);
			path = Helpers;
			sourceTree = "<group>";
		};
		8665053529F070CA00370A38 /* Landmarks */ = {
			isa = PBXGroup;
			children = (
				86CC584529D613DE00F58CF5 /* LandmarkRow.swift */,
				8665053029E5E08F00370A38 /* LandmarkDetail.swift */,
				8665052E29E5DDCC00370A38 /* LandmarkList.swift */,
			);
			path = Landmarks;
			sourceTree = "<group>";
		};
		866505402A003A5900370A38 /* Badges */ = {
			isa = PBXGroup;
			children = (
				8665053E29FC431300370A38 /* Badge.swift */,
				8665053829F308EE00370A38 /* BadgeBackground.swift */,
				8665053A29FC3E7D00370A38 /* BadgeSymbol.swift */,
				8665053629F3044B00370A38 /* HexagonParameters.swift */,
				8665053C29FC424F00370A38 /* RotatedBadgeSymbol.swift */,
			);
			path = Badges;
			sourceTree = "<group>";
		};
		866505452A018F7400370A38 /* Hikes */ = {
			isa = PBXGroup;
			children = (
				866505462A018F7400370A38 /* GraphCapsule.swift */,
				866505472A018F7400370A38 /* HikeGraph.swift */,
				866505482A018F7400370A38 /* HikeDetail.swift */,
				866505492A018F7400370A38 /* HikeView.swift */,
			);
			path = Hikes;
			sourceTree = "<group>";
		};
		8665054E2A02DCCB00370A38 /* Categories */ = {
			isa = PBXGroup;
			children = (
				8665054F2A02DCF900370A38 /* CategoryHome.swift */,
				866505512A02E02C00370A38 /* CategoryRow.swift */,
				866505532A02E2B500370A38 /* CategoryItem.swift */,
			);
			path = Categories;
			sourceTree = "<group>";
		};
		86CC581E29CCD33900F58CF5 = {
			isa = PBXGroup;
			children = (
				86CC582929CCD33900F58CF5 /* Landmarks */,
				86CC582829CCD33900F58CF5 /* Products */,
			);
			sourceTree = "<group>";
		};
		86CC582829CCD33900F58CF5 /* Products */ = {
			isa = PBXGroup;
			children = (
				86CC582729CCD33900F58CF5 /* Landmarks.app */,
			);
			name = Products;
			sourceTree = "<group>";
		};
		86CC582929CCD33900F58CF5 /* Landmarks */ = {
			isa = PBXGroup;
			children = (
				86CC582A29CCD33900F58CF5 /* LandmarksApp.swift */,
				86CC584229D611C000F58CF5 /* Views */,
				86CC584329D612E900F58CF5 /* Model */,
				86CC582E29CCD33C00F58CF5 /* Assets.xcassets */,
				86CC583029CCD33C00F58CF5 /* Preview Content */,
			);
			path = Landmarks;
			sourceTree = "<group>";
		};
		86CC583029CCD33C00F58CF5 /* Preview Content */ = {
			isa = PBXGroup;
			children = (
				86CC583129CCD33C00F58CF5 /* Preview Assets.xcassets */,
			);
			path = "Preview Content";
			sourceTree = "<group>";
		};
		86CC584229D611C000F58CF5 /* Views */ = {
			isa = PBXGroup;
			children = (
				86CC582C29CCD33900F58CF5 /* ContentView.swift */,
				8665054E2A02DCCB00370A38 /* Categories */,
				866505452A018F7400370A38 /* Hikes */,
				866505402A003A5900370A38 /* Badges */,
				8665053529F070CA00370A38 /* Landmarks */,
				8665053429F0707D00370A38 /* Helpers */,
			);
			path = Views;
			sourceTree = "<group>";
		};
		86CC584329D612E900F58CF5 /* Model */ = {
			isa = PBXGroup;
			children = (
				86CC584029D60E6000F58CF5 /* ModelData.swift */,
				86CC583E29D36ADE00F58CF5 /* Landmark.swift */,
				866505432A018C6D00370A38 /* Hike.swift */,
				86CC584429D6135600F58CF5 /* Resources */,
			);
			path = Model;
			sourceTree = "<group>";
		};
		86CC584429D6135600F58CF5 /* Resources */ = {
			isa = PBXGroup;
			children = (
				86CC583C29D36AAB00F58CF5 /* landmarkData.json */,
				866505412A018BEA00370A38 /* hikeData.json */,
			);
			path = Resources;
			sourceTree = "<group>";
		};
/* End PBXGroup section */

/* Begin PBXNativeTarget section */
		86CC582629CCD33900F58CF5 /* Landmarks */ = {
			isa = PBXNativeTarget;
			buildConfigurationList = 86CC583529CCD33C00F58CF5 /* Build configuration list for PBXNativeTarget "Landmarks" */;
			buildPhases = (
				86CC582329CCD33900F58CF5 /* Sources */,
				86CC582429CCD33900F58CF5 /* Frameworks */,
				86CC582529CCD33900F58CF5 /* Resources */,
			);
			buildRules = (
			);
			dependencies = (
			);
			name = Landmarks;
			productName = Landmarks;
			productReference = 86CC582729CCD33900F58CF5 /* Landmarks.app */;
			productType = "com.apple.product-type.application";
		};
/* End PBXNativeTarget section */

/* Begin PBXProject section */
		86CC581F29CCD33900F58CF5 /* Project object */ = {
			isa = PBXProject;
			attributes = {
				BuildIndependentTargetsInParallel = 1;
				LastSwiftUpdateCheck = 1420;
				LastUpgradeCheck = 1420;
				TargetAttributes = {
					86CC582629CCD33900F58CF5 = {
						CreatedOnToolsVersion = 14.2;
					};
				};
			};
			buildConfigurationList = 86CC582229CCD33900F58CF5 /* Build configuration list for PBXProject "Landmarks" */;
			compatibilityVersion = "Xcode 14.0";
			developmentRegion = en;
			hasScannedForEncodings = 0;
			knownRegions = (
				en,
				Base,
			);
			mainGroup = 86CC581E29CCD33900F58CF5;
			productRefGroup = 86CC582829CCD33900F58CF5 /* Products */;
			projectDirPath = "";
			projectRoot = "";
			targets = (
				86CC582629CCD33900F58CF5 /* Landmarks */,
			);
		};
/* End PBXProject section */

/* Begin PBXResourcesBuildPhase section */
		86CC582529CCD33900F58CF5 /* Resources */ = {
			isa = PBXResourcesBuildPhase;
			buildActionMask = 2147483647;
			files = (
				866505422A018BEA00370A38 /* hikeData.json in Resources */,
				86CC583229CCD33C00F58CF5 /* Preview Assets.xcassets in Resources */,
				86CC582F29CCD33C00F58CF5 /* Assets.xcassets in Resources */,
				86CC583D29D36AAB00F58CF5 /* landmarkData.json in Resources */,
			);
			runOnlyForDeploymentPostprocessing = 0;
		};
/* End PBXResourcesBuildPhase section */

/* Begin PBXSourcesBuildPhase section */
		86CC582329CCD33900F58CF5 /* Sources */ = {
			isa = PBXSourcesBuildPhase;
			buildActionMask = 2147483647;
			files = (
				866505522A02E02C00370A38 /* CategoryRow.swift in Sources */,
				86CC582D29CCD33900F58CF5 /* ContentView.swift in Sources */,
				866505502A02DCF900370A38 /* CategoryHome.swift in Sources */,
				8665054B2A018F7400370A38 /* HikeGraph.swift in Sources */,
				8665053F29FC431300370A38 /* Badge.swift in Sources */,
				86CC583B29D2177D00F58CF5 /* MapView.swift in Sources */,
				8665054A2A018F7400370A38 /* GraphCapsule.swift in Sources */,
				86CC582B29CCD33900F58CF5 /* LandmarksApp.swift in Sources */,
				8665053329F06F2E00370A38 /* FavoriteButton.swift in Sources */,
				866505542A02E2B500370A38 /* CategoryItem.swift in Sources */,
				8665054C2A018F7400370A38 /* HikeDetail.swift in Sources */,
				8665053729F3044B00370A38 /* HexagonParameters.swift in Sources */,
				866505442A018C6D00370A38 /* Hike.swift in Sources */,
				8665053D29FC424F00370A38 /* RotatedBadgeSymbol.swift in Sources */,
				8665053B29FC3E7D00370A38 /* BadgeSymbol.swift in Sources */,
				8665052F29E5DDCC00370A38 /* LandmarkList.swift in Sources */,
				8665054D2A018F7400370A38 /* HikeView.swift in Sources */,
				8665053129E5E08F00370A38 /* LandmarkDetail.swift in Sources */,
				8665053929F308EE00370A38 /* BadgeBackground.swift in Sources */,
				86CC583929CE1F5B00F58CF5 /* CircleImage.swift in Sources */,
				86CC583F29D36ADE00F58CF5 /* Landmark.swift in Sources */,
				86CC584629D613DE00F58CF5 /* LandmarkRow.swift in Sources */,
				86CC584129D60E6000F58CF5 /* ModelData.swift in Sources */,
			);
			runOnlyForDeploymentPostprocessing = 0;
		};
/* End PBXSourcesBuildPhase section */

/* Begin XCBuildConfiguration section */
		86CC583329CCD33C00F58CF5 /* Debug */ = {
			isa = XCBuildConfiguration;
			buildSettings = {
				ALWAYS_SEARCH_USER_PATHS = NO;
				CLANG_ANALYZER_NONNULL = YES;
				CLANG_ANALYZER_NUMBER_OBJECT_CONVERSION = YES_AGGRESSIVE;
				CLANG_CXX_LANGUAGE_STANDARD = "gnu++20";
				CLANG_ENABLE_MODULES = YES;
				CLANG_ENABLE_OBJC_ARC = YES;
				CLANG_ENABLE_OBJC_WEAK = YES;
				CLANG_WARN_BLOCK_CAPTURE_AUTORELEASING = YES;
				CLANG_WARN_BOOL_CONVERSION = YES;
				CLANG_WARN_COMMA = YES;
				CLANG_WARN_CONSTANT_CONVERSION = YES;
				CLANG_WARN_DEPRECATED_OBJC_IMPLEMENTATIONS = YES;
				CLANG_WARN_DIRECT_OBJC_ISA_USAGE = YES_ERROR;
				CLANG_WARN_DOCUMENTATION_COMMENTS = YES;
				CLANG_WARN_EMPTY_BODY = YES;
				CLANG_WARN_ENUM_CONVERSION = YES;
				CLANG_WARN_INFINITE_RECURSION = YES;
				CLANG_WARN_INT_CONVERSION = YES;
				CLANG_WARN_NON_LITERAL_NULL_CONVERSION = YES;
				CLANG_WARN_OBJC_IMPLICIT_RETAIN_SELF = YES;
				CLANG_WARN_OBJC_LITERAL_CONVERSION = YES;
				CLANG_WARN_OBJC_ROOT_CLASS = YES_ERROR;
				CLANG_WARN_QUOTED_INCLUDE_IN_FRAMEWORK_HEADER = YES;
				CLANG_WARN_RANGE_LOOP_ANALYSIS = YES;
				CLANG_WARN_STRICT_PROTOTYPES = YES;
				CLANG_WARN_SUSPICIOUS_MOVE = YES;
				CLANG_WARN_UNGUARDED_AVAILABILITY = YES_AGGRESSIVE;
				CLANG_WARN_UNREACHABLE_CODE = YES;
				CLANG_WARN__DUPLICATE_METHOD_MATCH = YES;
				COPY_PHASE_STRIP = NO;
				DEBUG_INFORMATION_FORMAT = dwarf;
				ENABLE_STRICT_OBJC_MSGSEND = YES;
				ENABLE_TESTABILITY = YES;
				GCC_C_LANGUAGE_STANDARD = gnu11;
				GCC_DYNAMIC_NO_PIC = NO;
				GCC_NO_COMMON_BLOCKS = YES;
				GCC_OPTIMIZATION_LEVEL = 0;
				GCC_PREPROCESSOR_DEFINITIONS = (
					"DEBUG=1",
					"$(inherited)",
				);
				GCC_WARN_64_TO_32_BIT_CONVERSION = YES;
				GCC_WARN_ABOUT_RETURN_TYPE = YES_ERROR;
				GCC_WARN_UNDECLARED_SELECTOR = YES;
				GCC_WARN_UNINITIALIZED_AUTOS = YES_AGGRESSIVE;
				GCC_WARN_UNUSED_FUNCTION = YES;
				GCC_WARN_UNUSED_VARIABLE = YES;
				IPHONEOS_DEPLOYMENT_TARGET = 16.2;
				MTL_ENABLE_DEBUG_INFO = INCLUDE_SOURCE;
				MTL_FAST_MATH = YES;
				ONLY_ACTIVE_ARCH = YES;
				SDKROOT = iphoneos;
				SWIFT_ACTIVE_COMPILATION_CONDITIONS = DEBUG;
				SWIFT_OPTIMIZATION_LEVEL = "-Onone";
			};
			name = Debug;
		};
		86CC583429CCD33C00F58CF5 /* Release */ = {
			isa = XCBuildConfiguration;
			buildSettings = {
				ALWAYS_SEARCH_USER_PATHS = NO;
				CLANG_ANALYZER_NONNULL = YES;
				CLANG_ANALYZER_NUMBER_OBJECT_CONVERSION = YES_AGGRESSIVE;
				CLANG_CXX_LANGUAGE_STANDARD = "gnu++20";
				CLANG_ENABLE_MODULES = YES;
				CLANG_ENABLE_OBJC_ARC = YES;
				CLANG_ENABLE_OBJC_WEAK = YES;
				CLANG_WARN_BLOCK_CAPTURE_AUTORELEASING = YES;
				CLANG_WARN_BOOL_CONVERSION = YES;
				CLANG_WARN_COMMA = YES;
				CLANG_WARN_CONSTANT_CONVERSION = YES;
				CLANG_WARN_DEPRECATED_OBJC_IMPLEMENTATIONS = YES;
				CLANG_WARN_DIRECT_OBJC_ISA_USAGE = YES_ERROR;
				CLANG_WARN_DOCUMENTATION_COMMENTS = YES;
				CLANG_WARN_EMPTY_BODY = YES;
				CLANG_WARN_ENUM_CONVERSION = YES;
				CLANG_WARN_INFINITE_RECURSION = YES;
				CLANG_WARN_INT_CONVERSION = YES;
				CLANG_WARN_NON_LITERAL_NULL_CONVERSION = YES;
				CLANG_WARN_OBJC_IMPLICIT_RETAIN_SELF = YES;
				CLANG_WARN_OBJC_LITERAL_CONVERSION = YES;
				CLANG_WARN_OBJC_ROOT_CLASS = YES_ERROR;
				CLANG_WARN_QUOTED_INCLUDE_IN_FRAMEWORK_HEADER = YES;
				CLANG_WARN_RANGE_LOOP_ANALYSIS = YES;
				CLANG_WARN_STRICT_PROTOTYPES = YES;
				CLANG_WARN_SUSPICIOUS_MOVE = YES;
				CLANG_WARN_UNGUARDED_AVAILABILITY = YES_AGGRESSIVE;
				CLANG_WARN_UNREACHABLE_CODE = YES;
				CLANG_WARN__DUPLICATE_METHOD_MATCH = YES;
				COPY_PHASE_STRIP = NO;
				DEBUG_INFORMATION_FORMAT = "dwarf-with-dsym";
				ENABLE_NS_ASSERTIONS = NO;
				ENABLE_STRICT_OBJC_MSGSEND = YES;
				GCC_C_LANGUAGE_STANDARD = gnu11;
				GCC_NO_COMMON_BLOCKS = YES;
				GCC_WARN_64_TO_32_BIT_CONVERSION = YES;
				GCC_WARN_ABOUT_RETURN_TYPE = YES_ERROR;
				GCC_WARN_UNDECLARED_SELECTOR = YES;
				GCC_WARN_UNINITIALIZED_AUTOS = YES_AGGRESSIVE;
				GCC_WARN_UNUSED_FUNCTION = YES;
				GCC_WARN_UNUSED_VARIABLE = YES;
				IPHONEOS_DEPLOYMENT_TARGET = 16.2;
				MTL_ENABLE_DEBUG_INFO = NO;
				MTL_FAST_MATH = YES;
				SDKROOT = iphoneos;
				SWIFT_COMPILATION_MODE = wholemodule;
				SWIFT_OPTIMIZATION_LEVEL = "-O";
				VALIDATE_PRODUCT = YES;
			};
			name = Release;
		};
		86CC583629CCD33C00F58CF5 /* Debug */ = {
			isa = XCBuildConfiguration;
			buildSettings = {
				ASSETCATALOG_COMPILER_APPICON_NAME = AppIcon;
				ASSETCATALOG_COMPILER_GLOBAL_ACCENT_COLOR_NAME = AccentColor;
				CODE_SIGN_STYLE = Automatic;
				CURRENT_PROJECT_VERSION = 1;
				DEVELOPMENT_ASSET_PATHS = "\"Landmarks/Preview Content\"";
				DEVELOPMENT_TEAM = ZDNJ676A24;
				ENABLE_PREVIEWS = YES;
				GENERATE_INFOPLIST_FILE = YES;
				INFOPLIST_KEY_UIApplicationSceneManifest_Generation = YES;
				INFOPLIST_KEY_UIApplicationSupportsIndirectInputEvents = YES;
				INFOPLIST_KEY_UILaunchScreen_Generation = YES;
				INFOPLIST_KEY_UISupportedInterfaceOrientations_iPad = "UIInterfaceOrientationPortrait UIInterfaceOrientationPortraitUpsideDown UIInterfaceOrientationLandscapeLeft UIInterfaceOrientationLandscapeRight";
				INFOPLIST_KEY_UISupportedInterfaceOrientations_iPhone = "UIInterfaceOrientationPortrait UIInterfaceOrientationLandscapeLeft UIInterfaceOrientationLandscapeRight";
				LD_RUNPATH_SEARCH_PATHS = (
					"$(inherited)",
					"@executable_path/Frameworks",
				);
				MARKETING_VERSION = 1.0;
				PRODUCT_BUNDLE_IDENTIFIER = cps.Landmarks;
				PRODUCT_NAME = "$(TARGET_NAME)";
				SWIFT_EMIT_LOC_STRINGS = YES;
				SWIFT_VERSION = 5.0;
				TARGETED_DEVICE_FAMILY = "1,2";
			};
			name = Debug;
		};
		86CC583729CCD33C00F58CF5 /* Release */ = {
			isa = XCBuildConfiguration;
			buildSettings = {
				ASSETCATALOG_COMPILER_APPICON_NAME = AppIcon;
				ASSETCATALOG_COMPILER_GLOBAL_ACCENT_COLOR_NAME = AccentColor;
				CODE_SIGN_STYLE = Automatic;
				CURRENT_PROJECT_VERSION = 1;
				DEVELOPMENT_ASSET_PATHS = "\"Landmarks/Preview Content\"";
				DEVELOPMENT_TEAM = ZDNJ676A24;
				ENABLE_PREVIEWS = YES;
				GENERATE_INFOPLIST_FILE = YES;
				INFOPLIST_KEY_UIApplicationSceneManifest_Generation = YES;
				INFOPLIST_KEY_UIApplicationSupportsIndirectInputEvents = YES;
				INFOPLIST_KEY_UILaunchScreen_Generation = YES;
				INFOPLIST_KEY_UISupportedInterfaceOrientations_iPad = "UIInterfaceOrientationPortrait UIInterfaceOrientationPortraitUpsideDown UIInterfaceOrientationLandscapeLeft UIInterfaceOrientationLandscapeRight";
				INFOPLIST_KEY_UISupportedInterfaceOrientations_iPhone = "UIInterfaceOrientationPortrait UIInterfaceOrientationLandscapeLeft UIInterfaceOrientationLandscapeRight";
				LD_RUNPATH_SEARCH_PATHS = (
					"$(inherited)",
					"@executable_path/Frameworks",
				);
				MARKETING_VERSION = 1.0;
				PRODUCT_BUNDLE_IDENTIFIER = cps.Landmarks;
				PRODUCT_NAME = "$(TARGET_NAME)";
				SWIFT_EMIT_LOC_STRINGS = YES;
				SWIFT_VERSION = 5.0;
				TARGETED_DEVICE_FAMILY = "1,2";
			};
			name = Release;
		};
/* End XCBuildConfiguration section */

/* Begin XCConfigurationList section */
		86CC582229CCD33900F58CF5 /* Build configuration list for PBXProject "Landmarks" */ = {
			isa = XCConfigurationList;
			buildConfigurations = (
				86CC583329CCD33C00F58CF5 /* Debug */,
				86CC583429CCD33C00F58CF5 /* Release */,
			);
			defaultConfigurationIsVisible = 0;
			defaultConfigurationName = Release;
		};
		86CC583529CCD33C00F58CF5 /* Build configuration list for PBXNativeTarget "Landmarks" */ = {
			isa = XCConfigurationList;
			buildConfigurations = (
				86CC583629CCD33C00F58CF5 /* Debug */,
				86CC583729CCD33C00F58CF5 /* Release */,
			);
			defaultConfigurationIsVisible = 0;
			defaultConfigurationName = Release;
		};
/* End XCConfigurationList section */
	};
	rootObject = 86CC581F29CCD33900F58CF5 /* Project object */;
}
